
Microsoft Visual Studio Solution File, Format Version 12.00
# Visual Studio 15
VisualStudioVersion = 15.0.27130.2036
MinimumVisualStudioVersion = 10.0.40219.1
Project("{FAE04EC0-301F-11D3-BF4B-00C04F79EFBC}") = "smth", "smth\smth.csproj", "{77947B81-DF36-4E36-98C9-E1D543116240}"
EndProject
Global
	GlobalSection(SolutionConfigurationPlatforms) = preSolution
		Debug|Any CPU = Debug|Any CPU
		Release|Any CPU = Release|Any CPU
	EndGlobalSection
	GlobalSection(ProjectConfigurationPlatforms) = postSolution
		{77947B81-DF36-4E36-98C9-E1D543116240}.Debug|Any CPU.ActiveCfg = Debug|Any CPU
		{77947B81-DF36-4E36-98C9-E1D543116240}.Debug|Any CPU.Build.0 = Debug|Any CPU
		{77947B81-DF36-4E36-98C9-E1D543116240}.Release|Any CPU.ActiveCfg = Release|Any CPU
		{77947B81-DF36-4E36-98C9-E1D543116240}.Release|Any CPU.Build.0 = Release|Any CPU
	EndGlobalSection
	GlobalSection(SolutionProperties) = preSolution
		HideSolutionNode = FALSE
	EndGlobalSection
	GlobalSection(ExtensibilityGlobals) = postSolution
		SolutionGuid = {A0E36426-8D3C-4C4F-9688-4CD31D12285F}
	EndGlobalSection
EndGlobal
